
Microsoft Visual Studio Solution File, Format Version 12.00
# Visual Studio Version 16
VisualStudioVersion = 16.0.31129.286
MinimumVisualStudioVersion = 10.0.40219.1
Project("{FAE04EC0-301F-11D3-BF4B-00C04F79EFBC}") = "Repository", "Repository\Repository.csproj", "{C7EFE900-ED0B-4E7F-8366-2CFD71221889}"
EndProject
Project("{FAE04EC0-301F-11D3-BF4B-00C04F79EFBC}") = "ConcurrencyToken", "ConcurrencyToken\ConcurrencyToken.csproj", "{15F3CDB7-FA9B-4562-A1CC-97B7C385A62E}"
EndProject
Global
	GlobalSection(SolutionConfigurationPlatforms) = preSolution
		Debug|Any CPU = Debug|Any CPU
		Release|Any CPU = Release|Any CPU
	EndGlobalSection
	GlobalSection(ProjectConfigurationPlatforms) = postSolution
		{C7EFE900-ED0B-4E7F-8366-2CFD71221889}.Debug|Any CPU.ActiveCfg = Debug|Any CPU
		{C7EFE900-ED0B-4E7F-8366-2CFD71221889}.Debug|Any CPU.Build.0 = Debug|Any CPU
		{C7EFE900-ED0B-4E7F-8366-2CFD71221889}.Release|Any CPU.ActiveCfg = Release|Any CPU
		{C7EFE900-ED0B-4E7F-8366-2CFD71221889}.Release|Any CPU.Build.0 = Release|Any CPU
		{15F3CDB7-FA9B-4562-A1CC-97B7C385A62E}.Debug|Any CPU.ActiveCfg = Debug|Any CPU
		{15F3CDB7-FA9B-4562-A1CC-97B7C385A62E}.Debug|Any CPU.Build.0 = Debug|Any CPU
		{15F3CDB7-FA9B-4562-A1CC-97B7C385A62E}.Release|Any CPU.ActiveCfg = Release|Any CPU
		{15F3CDB7-FA9B-4562-A1CC-97B7C385A62E}.Release|Any CPU.Build.0 = Release|Any CPU
	EndGlobalSection
	GlobalSection(SolutionProperties) = preSolution
		HideSolutionNode = FALSE
	EndGlobalSection
	GlobalSection(ExtensibilityGlobals) = postSolution
		SolutionGuid = {C0C1774D-E7FD-4350-A7B0-545AE4485B6D}
	EndGlobalSection
EndGlobal
